
Microsoft Visual Studio Solution File, Format Version 12.00
# Visual Studio Version 16
VisualStudioVersion = 16.0.29920.165
MinimumVisualStudioVersion = 10.0.40219.1
Project("{9A19103F-16F7-4668-BE54-9A1E7A4F7556}") = "MeetupSantander.API", "MeetupSantander.API\MeetupSantander.API.csproj", "{D32E9C6F-A1E6-4423-975F-A6F253AD6DDC}"
EndProject
Project("{9A19103F-16F7-4668-BE54-9A1E7A4F7556}") = "MeetupSantander.API.Contract", "MeetupSantander.API.Contract\MeetupSantander.API.Contract.csproj", "{2A627E72-091F-41BF-889B-08C578AD9C94}"
EndProject
Project("{9A19103F-16F7-4668-BE54-9A1E7A4F7556}") = "MeetupSantander.API.Domain", "MeetupSantander.API.Domain\MeetupSantander.API.Domain.csproj", "{708C3D7F-481E-4CAE-9FBA-640534CFCFB2}"
EndProject
Project("{9A19103F-16F7-4668-BE54-9A1E7A4F7556}") = "MeetupSantander.API.Data", "MeetupSantander.API.Data\MeetupSantander.API.Data.csproj", "{BF0137FB-3B73-466A-BECB-140BE3E58884}"
EndProject
Project("{9A19103F-16F7-4668-BE54-9A1E7A4F7556}") = "MeetupSantander.API.Test", "MeetupSantander.API.Test\MeetupSantander.API.Test.csproj", "{2231F45F-A165-4C27-B8C2-75B4CEE8888B}"
EndProject
Global
	GlobalSection(SolutionConfigurationPlatforms) = preSolution
		Debug|Any CPU = Debug|Any CPU
		Release|Any CPU = Release|Any CPU
	EndGlobalSection
	GlobalSection(ProjectConfigurationPlatforms) = postSolution
		{D32E9C6F-A1E6-4423-975F-A6F253AD6DDC}.Debug|Any CPU.ActiveCfg = Debug|Any CPU
		{D32E9C6F-A1E6-4423-975F-A6F253AD6DDC}.Debug|Any CPU.Build.0 = Debug|Any CPU
		{D32E9C6F-A1E6-4423-975F-A6F253AD6DDC}.Release|Any CPU.ActiveCfg = Release|Any CPU
		{D32E9C6F-A1E6-4423-975F-A6F253AD6DDC}.Release|Any CPU.Build.0 = Release|Any CPU
		{2A627E72-091F-41BF-889B-08C578AD9C94}.Debug|Any CPU.ActiveCfg = Debug|Any CPU
		{2A627E72-091F-41BF-889B-08C578AD9C94}.Debug|Any CPU.Build.0 = Debug|Any CPU
		{2A627E72-091F-41BF-889B-08C578AD9C94}.Release|Any CPU.ActiveCfg = Release|Any CPU
		{2A627E72-091F-41BF-889B-08C578AD9C94}.Release|Any CPU.Build.0 = Release|Any CPU
		{708C3D7F-481E-4CAE-9FBA-640534CFCFB2}.Debug|Any CPU.ActiveCfg = Debug|Any CPU
		{708C3D7F-481E-4CAE-9FBA-640534CFCFB2}.Debug|Any CPU.Build.0 = Debug|Any CPU
		{708C3D7F-481E-4CAE-9FBA-640534CFCFB2}.Release|Any CPU.ActiveCfg = Release|Any CPU
		{708C3D7F-481E-4CAE-9FBA-640534CFCFB2}.Release|Any CPU.Build.0 = Release|Any CPU
		{BF0137FB-3B73-466A-BECB-140BE3E58884}.Debug|Any CPU.ActiveCfg = Debug|Any CPU
		{BF0137FB-3B73-466A-BECB-140BE3E58884}.Debug|Any CPU.Build.0 = Debug|Any CPU
		{BF0137FB-3B73-466A-BECB-140BE3E58884}.Release|Any CPU.ActiveCfg = Release|Any CPU
		{BF0137FB-3B73-466A-BECB-140BE3E58884}.Release|Any CPU.Build.0 = Release|Any CPU
		{2231F45F-A165-4C27-B8C2-75B4CEE8888B}.Debug|Any CPU.ActiveCfg = Debug|Any CPU
		{2231F45F-A165-4C27-B8C2-75B4CEE8888B}.Debug|Any CPU.Build.0 = Debug|Any CPU
		{2231F45F-A165-4C27-B8C2-75B4CEE8888B}.Release|Any CPU.ActiveCfg = Release|Any CPU
		{2231F45F-A165-4C27-B8C2-75B4CEE8888B}.Release|Any CPU.Build.0 = Release|Any CPU
	EndGlobalSection
	GlobalSection(SolutionProperties) = preSolution
		HideSolutionNode = FALSE
	EndGlobalSection
	GlobalSection(ExtensibilityGlobals) = postSolution
		SolutionGuid = {AC0A4439-AADD-43E8-868D-977DAA2540D0}
	EndGlobalSection
EndGlobal
